
Microsoft Visual Studio Solution File, Format Version 12.00
# Visual Studio Version 16
VisualStudioVersion = 16.0.29306.81
MinimumVisualStudioVersion = 10.0.40219.1
Project("{FAE04EC0-301F-11D3-BF4B-00C04F79EFBC}") = "Storev3", "Storev3\Storev3.csproj", "{ACC34D96-8832-4EE3-96F8-7A89C17102F9}"
EndProject
Global
	GlobalSection(SolutionConfigurationPlatforms) = preSolution
		Debug|Any CPU = Debug|Any CPU
		Release|Any CPU = Release|Any CPU
	EndGlobalSection
	GlobalSection(ProjectConfigurationPlatforms) = postSolution
		{ACC34D96-8832-4EE3-96F8-7A89C17102F9}.Debug|Any CPU.ActiveCfg = Debug|Any CPU
		{ACC34D96-8832-4EE3-96F8-7A89C17102F9}.Debug|Any CPU.Build.0 = Debug|Any CPU
		{ACC34D96-8832-4EE3-96F8-7A89C17102F9}.Release|Any CPU.ActiveCfg = Release|Any CPU
		{ACC34D96-8832-4EE3-96F8-7A89C17102F9}.Release|Any CPU.Build.0 = Release|Any CPU
	EndGlobalSection
	GlobalSection(SolutionProperties) = preSolution
		HideSolutionNode = FALSE
	EndGlobalSection
	GlobalSection(ExtensibilityGlobals) = postSolution
		SolutionGuid = {7BD1DE5B-50A1-4174-8882-70BAF70A2B96}
	EndGlobalSection
EndGlobal
